
Microsoft Visual Studio Solution File, Format Version 12.00
# Visual Studio Version 16
VisualStudioVersion = 16.0.30621.155
MinimumVisualStudioVersion = 10.0.40219.1
Project("{9A19103F-16F7-4668-BE54-9A1E7A4F7556}") = "ProjectC", "ProjectC.csproj", "{5677AC9D-92EF-4789-BCD6-E98671C28B7B}"
EndProject
Global
	GlobalSection(SolutionConfigurationPlatforms) = preSolution
		Debug|Any CPU = Debug|Any CPU
		Release|Any CPU = Release|Any CPU
	EndGlobalSection
	GlobalSection(ProjectConfigurationPlatforms) = postSolution
		{5677AC9D-92EF-4789-BCD6-E98671C28B7B}.Debug|Any CPU.ActiveCfg = Debug|Any CPU
		{5677AC9D-92EF-4789-BCD6-E98671C28B7B}.Debug|Any CPU.Build.0 = Debug|Any CPU
		{5677AC9D-92EF-4789-BCD6-E98671C28B7B}.Release|Any CPU.ActiveCfg = Release|Any CPU
		{5677AC9D-92EF-4789-BCD6-E98671C28B7B}.Release|Any CPU.Build.0 = Release|Any CPU
	EndGlobalSection
	GlobalSection(SolutionProperties) = preSolution
		HideSolutionNode = FALSE
	EndGlobalSection
	GlobalSection(ExtensibilityGlobals) = postSolution
		SolutionGuid = {19DF1078-0925-47FF-8D8B-A8EB95AD343B}
	EndGlobalSection
EndGlobal
